// !$*UTF8*$!
{
	archiveVersion = 1;
	classes = {
	};
	objectVersion = 45;
	objects = {

/* Begin PBXBuildFile section */
		D2225AAF1207D67400CF9A0D /* UnifiedSuiteRunResults.h in Headers */ = {isa = PBXBuildFile; fileRef = D2225AA71207D67300CF9A0D /* UnifiedSuiteRunResults.h */; };
		D2225AB01207D67400CF9A0D /* UnifiedSuiteRunResults.m in Sources */ = {isa = PBXBuildFile; fileRef = D2225AA81207D67400CF9A0D /* UnifiedSuiteRunResults.m */; };
		D2225AB11207D67400CF9A0D /* UnifiedTestCaseRunResult.h in Headers */ = {isa = PBXBuildFile; fileRef = D2225AA91207D67400CF9A0D /* UnifiedTestCaseRunResult.h */; };
		D2225AB21207D67400CF9A0D /* UnifiedTestCaseRunResult.m in Sources */ = {isa = PBXBuildFile; fileRef = D2225AAA1207D67400CF9A0D /* UnifiedTestCaseRunResult.m */; };
		D2225AB31207D67400CF9A0D /* UnifiedTestListener.h in Headers */ = {isa = PBXBuildFile; fileRef = D2225AAB1207D67400CF9A0D /* UnifiedTestListener.h */; };
		D2225AB41207D67400CF9A0D /* UnifiedTestListener.mm in Sources */ = {isa = PBXBuildFile; fileRef = D2225AAC1207D67400CF9A0D /* UnifiedTestListener.mm */; };
		D2225AB51207D67400CF9A0D /* UnitTestPanel.h in Headers */ = {isa = PBXBuildFile; fileRef = D2225AAD1207D67400CF9A0D /* UnitTestPanel.h */; settings = {ATTRIBUTES = (Public, ); }; };
		D2225AB61207D67400CF9A0D /* UnitTestPanel.m in Sources */ = {isa = PBXBuildFile; fileRef = D2225AAE1207D67400CF9A0D /* UnitTestPanel.m */; };
		D2225B5D1207DABF00CF9A0D /* TestUnifiedSuiteRunResults.h in Headers */ = {isa = PBXBuildFile; fileRef = D2225B571207DABF00CF9A0D /* TestUnifiedSuiteRunResults.h */; };
		D2225B5E1207DABF00CF9A0D /* TestUnifiedSuiteRunResults.m in Sources */ = {isa = PBXBuildFile; fileRef = D2225B581207DABF00CF9A0D /* TestUnifiedSuiteRunResults.m */; };
		D2225B5F1207DABF00CF9A0D /* TestUnifiedTestCaseRunResult.h in Headers */ = {isa = PBXBuildFile; fileRef = D2225B591207DABF00CF9A0D /* TestUnifiedTestCaseRunResult.h */; };
		D2225B601207DABF00CF9A0D /* TestUnifiedTestCaseRunResult.m in Sources */ = {isa = PBXBuildFile; fileRef = D2225B5A1207DABF00CF9A0D /* TestUnifiedTestCaseRunResult.m */; };
		D2225B611207DABF00CF9A0D /* TestUnifiedTestListener.h in Headers */ = {isa = PBXBuildFile; fileRef = D2225B5B1207DABF00CF9A0D /* TestUnifiedTestListener.h */; };
		D2225B621207DABF00CF9A0D /* TestUnifiedTestListener.m in Sources */ = {isa = PBXBuildFile; fileRef = D2225B5C1207DABF00CF9A0D /* TestUnifiedTestListener.m */; };
		D2225BD31207DE5F00CF9A0D /* UnitTestPanel.xib in Resources */ = {isa = PBXBuildFile; fileRef = D2225BD21207DE5F00CF9A0D /* UnitTestPanel.xib */; };
		D2FC1CA9100B943300D4B59A /* TestFailed.png in Resources */ = {isa = PBXBuildFile; fileRef = D292D1050FFBFD64006CC56C /* TestFailed.png */; };
		D2FC1CAA100B943700D4B59A /* TestSucceeded.png in Resources */ = {isa = PBXBuildFile; fileRef = D292D1090FFBFD64006CC56C /* TestSucceeded.png */; };
		D2FC1CB5100B947600D4B59A /* libxmlHelpers.h in Headers */ = {isa = PBXBuildFile; fileRef = D292D0EC0FFBFD63006CC56C /* libxmlHelpers.h */; };
		D2FC1CB6100B947600D4B59A /* libxmlHelpers.m in Sources */ = {isa = PBXBuildFile; fileRef = D292D0ED0FFBFD63006CC56C /* libxmlHelpers.m */; };
		D2FC1CB7100B947600D4B59A /* TestCaseFiles.h in Headers */ = {isa = PBXBuildFile; fileRef = D292D1030FFBFD64006CC56C /* TestCaseFiles.h */; settings = {ATTRIBUTES = (Public, ); }; };
		D2FC1CB8100B947600D4B59A /* TestCaseFiles.m in Sources */ = {isa = PBXBuildFile; fileRef = D292D1040FFBFD64006CC56C /* TestCaseFiles.m */; };
		D2FC1CC1100B947600D4B59A /* UnitTestRunnerResources.h in Headers */ = {isa = PBXBuildFile; fileRef = D292D1B90FFC045F006CC56C /* UnitTestRunnerResources.h */; settings = {ATTRIBUTES = (Public, ); }; };
		D2FC1CC2100B947600D4B59A /* UnitTestRunnerResources.m in Sources */ = {isa = PBXBuildFile; fileRef = D292D1BA0FFC045F006CC56C /* UnitTestRunnerResources.m */; };
		D2FC1CF2100B962300D4B59A /* libxml2.dylib in Frameworks */ = {isa = PBXBuildFile; fileRef = D2FC1CF1100B962300D4B59A /* libxml2.dylib */; };
/* End PBXBuildFile section */

/* Begin PBXFileReference section */
		8DC2EF5B0486A6940098B216 /* UnitTestRunner.framework */ = {isa = PBXFileReference; explicitFileType = wrapper.framework; includeInIndex = 0; path = UnitTestRunner.framework; sourceTree = BUILT_PRODUCTS_DIR; };
		D2225AA71207D67300CF9A0D /* UnifiedSuiteRunResults.h */ = {isa = PBXFileReference; fileEncoding = 4; lastKnownFileType = sourcecode.c.h; path = UnifiedSuiteRunResults.h; sourceTree = "<group>"; };
		D2225AA81207D67400CF9A0D /* UnifiedSuiteRunResults.m */ = {isa = PBXFileReference; fileEncoding = 4; lastKnownFileType = sourcecode.c.objc; path = UnifiedSuiteRunResults.m; sourceTree = "<group>"; };
		D2225AA91207D67400CF9A0D /* UnifiedTestCaseRunResult.h */ = {isa = PBXFileReference; fileEncoding = 4; lastKnownFileType = sourcecode.c.h; path = UnifiedTestCaseRunResult.h; sourceTree = "<group>"; };
		D2225AAA1207D67400CF9A0D /* UnifiedTestCaseRunResult.m */ = {isa = PBXFileReference; fileEncoding = 4; lastKnownFileType = sourcecode.c.objc; path = UnifiedTestCaseRunResult.m; sourceTree = "<group>"; };
		D2225AAB1207D67400CF9A0D /* UnifiedTestListener.h */ = {isa = PBXFileReference; fileEncoding = 4; lastKnownFileType = sourcecode.c.h; path = UnifiedTestListener.h; sourceTree = "<group>"; };
		D2225AAC1207D67400CF9A0D /* UnifiedTestListener.mm */ = {isa = PBXFileReference; fileEncoding = 4; lastKnownFileType = sourcecode.cpp.objcpp; path = UnifiedTestListener.mm; sourceTree = "<group>"; };
		D2225AAD1207D67400CF9A0D /* UnitTestPanel.h */ = {isa = PBXFileReference; fileEncoding = 4; lastKnownFileType = sourcecode.c.h; path = UnitTestPanel.h; sourceTree = "<group>"; };
		D2225AAE1207D67400CF9A0D /* UnitTestPanel.m */ = {isa = PBXFileReference; fileEncoding = 4; lastKnownFileType = sourcecode.c.objc; path = UnitTestPanel.m; sourceTree = "<group>"; };
		D2225B571207DABF00CF9A0D /* TestUnifiedSuiteRunResults.h */ = {isa = PBXFileReference; fileEncoding = 4; lastKnownFileType = sourcecode.c.h; path = TestUnifiedSuiteRunResults.h; sourceTree = "<group>"; };
		D2225B581207DABF00CF9A0D /* TestUnifiedSuiteRunResults.m */ = {isa = PBXFileReference; fileEncoding = 4; lastKnownFileType = sourcecode.c.objc; path = TestUnifiedSuiteRunResults.m; sourceTree = "<group>"; };
		D2225B591207DABF00CF9A0D /* TestUnifiedTestCaseRunResult.h */ = {isa = PBXFileReference; fileEncoding = 4; lastKnownFileType = sourcecode.c.h; path = TestUnifiedTestCaseRunResult.h; sourceTree = "<group>"; };
		D2225B5A1207DABF00CF9A0D /* TestUnifiedTestCaseRunResult.m */ = {isa = PBXFileReference; fileEncoding = 4; lastKnownFileType = sourcecode.c.objc; path = TestUnifiedTestCaseRunResult.m; sourceTree = "<group>"; };
		D2225B5B1207DABF00CF9A0D /* TestUnifiedTestListener.h */ = {isa = PBXFileReference; fileEncoding = 4; lastKnownFileType = sourcecode.c.h; path = TestUnifiedTestListener.h; sourceTree = "<group>"; };
		D2225B5C1207DABF00CF9A0D /* TestUnifiedTestListener.m */ = {isa = PBXFileReference; fileEncoding = 4; lastKnownFileType = sourcecode.c.objc; path = TestUnifiedTestListener.m; sourceTree = "<group>"; };
		D2225BD21207DE5F00CF9A0D /* UnitTestPanel.xib */ = {isa = PBXFileReference; lastKnownFileType = file.xib; name = UnitTestPanel.xib; path = Resources/UnitTestPanel.xib; sourceTree = "<group>"; };
		D292D0EC0FFBFD63006CC56C /* libxmlHelpers.h */ = {isa = PBXFileReference; fileEncoding = 4; lastKnownFileType = sourcecode.c.h; path = libxmlHelpers.h; sourceTree = "<group>"; };
		D292D0ED0FFBFD63006CC56C /* libxmlHelpers.m */ = {isa = PBXFileReference; fileEncoding = 4; lastKnownFileType = sourcecode.c.objc; path = libxmlHelpers.m; sourceTree = "<group>"; };
		D292D1030FFBFD64006CC56C /* TestCaseFiles.h */ = {isa = PBXFileReference; fileEncoding = 4; lastKnownFileType = sourcecode.c.h; path = TestCaseFiles.h; sourceTree = "<group>"; };
		D292D1040FFBFD64006CC56C /* TestCaseFiles.m */ = {isa = PBXFileReference; fileEncoding = 4; lastKnownFileType = sourcecode.c.objc; path = TestCaseFiles.m; sourceTree = "<group>"; };
		D292D1050FFBFD64006CC56C /* TestFailed.png */ = {isa = PBXFileReference; lastKnownFileType = image.png; name = TestFailed.png; path = Resources/TestFailed.png; sourceTree = "<group>"; };
		D292D1090FFBFD64006CC56C /* TestSucceeded.png */ = {isa = PBXFileReference; lastKnownFileType = image.png; name = TestSucceeded.png; path = Resources/TestSucceeded.png; sourceTree = "<group>"; };
		D292D1B90FFC045F006CC56C /* UnitTestRunnerResources.h */ = {isa = PBXFileReference; fileEncoding = 4; lastKnownFileType = sourcecode.c.h; path = UnitTestRunnerResources.h; sourceTree = "<group>"; };
		D292D1BA0FFC045F006CC56C /* UnitTestRunnerResources.m */ = {isa = PBXFileReference; fileEncoding = 4; lastKnownFileType = sourcecode.c.objc; path = UnitTestRunnerResources.m; sourceTree = "<group>"; };
		D292D1C40FFC049E006CC56C /* UnitTestRunnerResources-Info.plist */ = {isa = PBXFileReference; lastKnownFileType = text.plist.xml; path = "UnitTestRunnerResources-Info.plist"; sourceTree = "<group>"; };
		D2FC1C9A100B93D100D4B59A /* UTRFramework-Info.plist */ = {isa = PBXFileReference; lastKnownFileType = text.plist.xml; path = "UTRFramework-Info.plist"; sourceTree = "<group>"; };
		D2FC1CF1100B962300D4B59A /* libxml2.dylib */ = {isa = PBXFileReference; lastKnownFileType = "compiled.mach-o.dylib"; name = libxml2.dylib; path = /usr/lib/libxml2.dylib; sourceTree = "<absolute>"; };
		D2FC1CF7100B96C100D4B59A /* UnitTestRunner.pch */ = {isa = PBXFileReference; fileEncoding = 4; lastKnownFileType = sourcecode.c.h; path = UnitTestRunner.pch; sourceTree = "<group>"; };
		D2FC1CF8100B96FA00D4B59A /* UnitTestRunnerFeatures.h */ = {isa = PBXFileReference; fileEncoding = 4; lastKnownFileType = sourcecode.c.h; path = UnitTestRunnerFeatures.h; sourceTree = "<group>"; };
/* End PBXFileReference section */

/* Begin PBXFrameworksBuildPhase section */
		D2FC1C98100B93D100D4B59A /* Frameworks */ = {
			isa = PBXFrameworksBuildPhase;
			buildActionMask = 2147483647;
			files = (
				D2FC1CF2100B962300D4B59A /* libxml2.dylib in Frameworks */,
			);
			runOnlyForDeploymentPostprocessing = 0;
		};
/* End PBXFrameworksBuildPhase section */

/* Begin PBXGroup section */
		951878830EBA3CC8006D3F39 /* Dependencies */ = {
			isa = PBXGroup;
			children = (
				D2FC1CF1100B962300D4B59A /* libxml2.dylib */,
			);
			name = Dependencies;
			sourceTree = "<group>";
		};
		95F2933F0EB78218004959A4 = {
			isa = PBXGroup;
			children = (
				951878830EBA3CC8006D3F39 /* Dependencies */,
				95F293720EB7854F004959A4 /* Source */,
				D292D1290FFBFD81006CC56C /* Resources */,
				D2225B561207DABF00CF9A0D /* UnitTests */,
				95F2935C0EB7824A004959A4 /* Products */,
				D292D1C40FFC049E006CC56C /* UnitTestRunnerResources-Info.plist */,
				D2FC1C9A100B93D100D4B59A /* UTRFramework-Info.plist */,
			);
			sourceTree = "<group>";
		};
		95F2935C0EB7824A004959A4 /* Products */ = {
			isa = PBXGroup;
			children = (
				8DC2EF5B0486A6940098B216 /* UnitTestRunner.framework */,
			);
			name = Products;
			sourceTree = "<group>";
		};
		95F293720EB7854F004959A4 /* Source */ = {
			isa = PBXGroup;
			children = (
				D2225AA71207D67300CF9A0D /* UnifiedSuiteRunResults.h */,
				D2225AA81207D67400CF9A0D /* UnifiedSuiteRunResults.m */,
				D2225AA91207D67400CF9A0D /* UnifiedTestCaseRunResult.h */,
				D2225AAA1207D67400CF9A0D /* UnifiedTestCaseRunResult.m */,
				D2225AAB1207D67400CF9A0D /* UnifiedTestListener.h */,
				D2225AAC1207D67400CF9A0D /* UnifiedTestListener.mm */,
				D2225AAD1207D67400CF9A0D /* UnitTestPanel.h */,
				D2225AAE1207D67400CF9A0D /* UnitTestPanel.m */,
				D292D0EC0FFBFD63006CC56C /* libxmlHelpers.h */,
				D292D0ED0FFBFD63006CC56C /* libxmlHelpers.m */,
				D292D1030FFBFD64006CC56C /* TestCaseFiles.h */,
				D292D1040FFBFD64006CC56C /* TestCaseFiles.m */,
				D292D1B90FFC045F006CC56C /* UnitTestRunnerResources.h */,
				D292D1BA0FFC045F006CC56C /* UnitTestRunnerResources.m */,
				D2FC1CF7100B96C100D4B59A /* UnitTestRunner.pch */,
				D2FC1CF8100B96FA00D4B59A /* UnitTestRunnerFeatures.h */,
			);
			name = Source;
			sourceTree = "<group>";
		};
		D2225B561207DABF00CF9A0D /* UnitTests */ = {
			isa = PBXGroup;
			children = (
				D2225B571207DABF00CF9A0D /* TestUnifiedSuiteRunResults.h */,
				D2225B581207DABF00CF9A0D /* TestUnifiedSuiteRunResults.m */,
				D2225B591207DABF00CF9A0D /* TestUnifiedTestCaseRunResult.h */,
				D2225B5A1207DABF00CF9A0D /* TestUnifiedTestCaseRunResult.m */,
				D2225B5B1207DABF00CF9A0D /* TestUnifiedTestListener.h */,
				D2225B5C1207DABF00CF9A0D /* TestUnifiedTestListener.m */,
			);
			path = UnitTests;
			sourceTree = "<group>";
		};
		D292D1290FFBFD81006CC56C /* Resources */ = {
			isa = PBXGroup;
			children = (
				D2225BD21207DE5F00CF9A0D /* UnitTestPanel.xib */,
				D292D1090FFBFD64006CC56C /* TestSucceeded.png */,
				D292D1050FFBFD64006CC56C /* TestFailed.png */,
			);
			name = Resources;
			sourceTree = "<group>";
		};
/* End PBXGroup section */

/* Begin PBXHeadersBuildPhase section */
		D2FC1C95100B93D100D4B59A /* Headers */ = {
			isa = PBXHeadersBuildPhase;
			buildActionMask = 2147483647;
			files = (
				D2FC1CB5100B947600D4B59A /* libxmlHelpers.h in Headers */,
				D2FC1CB7100B947600D4B59A /* TestCaseFiles.h in Headers */,
				D2FC1CC1100B947600D4B59A /* UnitTestRunnerResources.h in Headers */,
				D2225AAF1207D67400CF9A0D /* UnifiedSuiteRunResults.h in Headers */,
				D2225AB11207D67400CF9A0D /* UnifiedTestCaseRunResult.h in Headers */,
				D2225AB31207D67400CF9A0D /* UnifiedTestListener.h in Headers */,
				D2225AB51207D67400CF9A0D /* UnitTestPanel.h in Headers */,
				D2225B5D1207DABF00CF9A0D /* TestUnifiedSuiteRunResults.h in Headers */,
				D2225B5F1207DABF00CF9A0D /* TestUnifiedTestCaseRunResult.h in Headers */,
				D2225B611207DABF00CF9A0D /* TestUnifiedTestListener.h in Headers */,
			);
			runOnlyForDeploymentPostprocessing = 0;
		};
/* End PBXHeadersBuildPhase section */

/* Begin PBXNativeTarget section */
		D2FC1C99100B93D100D4B59A /* UnitTestRunner */ = {
			isa = PBXNativeTarget;
			buildConfigurationList = D2FC1CA0100B93D200D4B59A /* Build configuration list for PBXNativeTarget "UnitTestRunner" */;
			buildPhases = (
				D2FC1C95100B93D100D4B59A /* Headers */,
				D2FC1C96100B93D100D4B59A /* Resources */,
				D2FC1C97100B93D100D4B59A /* Sources */,
				D2FC1C98100B93D100D4B59A /* Frameworks */,
			);
			buildRules = (
			);
			dependencies = (
			);
			name = UnitTestRunner;
			productName = UTRFramework;
			productReference = 8DC2EF5B0486A6940098B216 /* UnitTestRunner.framework */;
			productType = "com.apple.product-type.framework";
		};
/* End PBXNativeTarget section */

/* Begin PBXProject section */
		95F293410EB78218004959A4 /* Project object */ = {
			isa = PBXProject;
			buildConfigurationList = 95F293440EB78218004959A4 /* Build configuration list for PBXProject "UnitTestRunner_Desktop" */;
			compatibilityVersion = "Xcode 3.1";
			hasScannedForEncodings = 0;
			mainGroup = 95F2933F0EB78218004959A4;
			productRefGroup = 95F2935C0EB7824A004959A4 /* Products */;
			projectDirPath = "";
			projectRoot = "";
			targets = (
				D2FC1C99100B93D100D4B59A /* UnitTestRunner */,
			);
		};
/* End PBXProject section */

/* Begin PBXResourcesBuildPhase section */
		D2FC1C96100B93D100D4B59A /* Resources */ = {
			isa = PBXResourcesBuildPhase;
			buildActionMask = 2147483647;
			files = (
				D2FC1CA9100B943300D4B59A /* TestFailed.png in Resources */,
				D2FC1CAA100B943700D4B59A /* TestSucceeded.png in Resources */,
				D2225BD31207DE5F00CF9A0D /* UnitTestPanel.xib in Resources */,
			);
			runOnlyForDeploymentPostprocessing = 0;
		};
/* End PBXResourcesBuildPhase section */

/* Begin PBXSourcesBuildPhase section */
		D2FC1C97100B93D100D4B59A /* Sources */ = {
			isa = PBXSourcesBuildPhase;
			buildActionMask = 2147483647;
			files = (
				D2FC1CB6100B947600D4B59A /* libxmlHelpers.m in Sources */,
				D2FC1CB8100B947600D4B59A /* TestCaseFiles.m in Sources */,
				D2FC1CC2100B947600D4B59A /* UnitTestRunnerResources.m in Sources */,
				D2225AB01207D67400CF9A0D /* UnifiedSuiteRunResults.m in Sources */,
				D2225AB21207D67400CF9A0D /* UnifiedTestCaseRunResult.m in Sources */,
				D2225AB41207D67400CF9A0D /* UnifiedTestListener.mm in Sources */,
				D2225AB61207D67400CF9A0D /* UnitTestPanel.m in Sources */,
				D2225B5E1207DABF00CF9A0D /* TestUnifiedSuiteRunResults.m in Sources */,
				D2225B601207DABF00CF9A0D /* TestUnifiedTestCaseRunResult.m in Sources */,
				D2225B621207DABF00CF9A0D /* TestUnifiedTestListener.m in Sources */,
			);
			runOnlyForDeploymentPostprocessing = 0;
		};
/* End PBXSourcesBuildPhase section */

/* Begin XCBuildConfiguration section */
		86E348380ECC93FF00FBF303 /* AdHoc */ = {
			isa = XCBuildConfiguration;
			buildSettings = {
				ARCHS = "$(ARCHS_STANDARD_32_64_BIT)";
				COPY_PHASE_STRIP = YES;
				GCC_ENABLE_OBJC_GC = supported;
				SDKROOT = macosx10.6;
			};
			name = AdHoc;
		};
		95F293420EB78218004959A4 /* Debug */ = {
			isa = XCBuildConfiguration;
			buildSettings = {
				ARCHS = "$(ARCHS_STANDARD_32_64_BIT)";
				COPY_PHASE_STRIP = NO;
				GCC_ENABLE_OBJC_GC = supported;
				SDKROOT = macosx10.6;
			};
			name = Debug;
		};
		95F293430EB78218004959A4 /* Release */ = {
			isa = XCBuildConfiguration;
			buildSettings = {
				ARCHS = "$(ARCHS_STANDARD_32_64_BIT)";
				COPY_PHASE_STRIP = YES;
				GCC_ENABLE_OBJC_GC = supported;
				SDKROOT = macosx10.6;
			};
			name = Release;
		};
		D292D4120FFC1B9C006CC56C /* UnitTest */ = {
			isa = XCBuildConfiguration;
			buildSettings = {
				ARCHS = "$(ARCHS_STANDARD_32_64_BIT)";
				COPY_PHASE_STRIP = NO;
				GCC_ENABLE_OBJC_GC = supported;
				SDKROOT = macosx10.6;
			};
			name = UnitTest;
		};
		D2FC1C9B100B93D200D4B59A /* Debug */ = {
			isa = XCBuildConfiguration;
			buildSettings = {
				ALWAYS_SEARCH_USER_PATHS = NO;
				ARCHS = "$(ARCHS_STANDARD_64_BIT)";
				COPY_PHASE_STRIP = NO;
				DYLIB_COMPATIBILITY_VERSION = 1;
				DYLIB_CURRENT_VERSION = 1;
				FRAMEWORK_SEARCH_PATHS = "$(DEVELOPER_DIR)/Library/Frameworks";
				FRAMEWORK_VERSION = A;
				GCC_DYNAMIC_NO_PIC = NO;
				GCC_ENABLE_FIX_AND_CONTINUE = YES;
				GCC_MODEL_TUNING = G5;
				GCC_OPTIMIZATION_LEVEL = 0;
				GCC_PRECOMPILE_PREFIX_HEADER = YES;
				GCC_PREFIX_HEADER = UnitTestRunner.pch;
				HEADER_SEARCH_PATHS = /usr/include/libxml2;
				INFOPLIST_FILE = "UTRFramework-Info.plist";
				INSTALL_PATH = "$(HOME)/Library/Frameworks";
				OTHER_LDFLAGS = (
					"-framework",
					Foundation,
					"-framework",
					AppKit,
					"-framework",
					SenTestingKit,
				);
				PREBINDING = NO;
				PRODUCT_NAME = UnitTestRunner;
				SDKROOT = macosx10.6;
			};
			name = Debug;
		};
		D2FC1C9C100B93D200D4B59A /* UnitTest */ = {
			isa = XCBuildConfiguration;
			buildSettings = {
				ALWAYS_SEARCH_USER_PATHS = NO;
				ARCHS = "$(ARCHS_STANDARD_64_BIT)";
				DYLIB_COMPATIBILITY_VERSION = 1;
				DYLIB_CURRENT_VERSION = 1;
				FRAMEWORK_SEARCH_PATHS = "$(DEVELOPER_DIR)/Library/Frameworks";
				FRAMEWORK_VERSION = A;
				GCC_ENABLE_FIX_AND_CONTINUE = YES;
				GCC_MODEL_TUNING = G5;
				GCC_PRECOMPILE_PREFIX_HEADER = YES;
				GCC_PREFIX_HEADER = UnitTestRunner.pch;
				HEADER_SEARCH_PATHS = /usr/include/libxml2;
				INFOPLIST_FILE = "UTRFramework-Info.plist";
				INSTALL_PATH = "$(HOME)/Library/Frameworks";
				OTHER_LDFLAGS = (
					"-framework",
					Foundation,
					"-framework",
					AppKit,
					"-framework",
					SenTestingKit,
				);
				PREBINDING = NO;
				PRODUCT_NAME = UnitTestRunner;
				SDKROOT = macosx10.6;
			};
			name = UnitTest;
		};
		D2FC1C9D100B93D200D4B59A /* Release */ = {
			isa = XCBuildConfiguration;
			buildSettings = {
				ALWAYS_SEARCH_USER_PATHS = NO;
				ARCHS = "$(ARCHS_STANDARD_64_BIT)";
				COPY_PHASE_STRIP = YES;
				DEBUG_INFORMATION_FORMAT = "dwarf-with-dsym";
				DYLIB_COMPATIBILITY_VERSION = 1;
				DYLIB_CURRENT_VERSION = 1;
				FRAMEWORK_SEARCH_PATHS = "$(DEVELOPER_DIR)/Library/Frameworks";
				FRAMEWORK_VERSION = A;
				GCC_ENABLE_FIX_AND_CONTINUE = NO;
				GCC_MODEL_TUNING = G5;
				GCC_PRECOMPILE_PREFIX_HEADER = YES;
				GCC_PREFIX_HEADER = UnitTestRunner.pch;
				HEADER_SEARCH_PATHS = /usr/include/libxml2;
				INFOPLIST_FILE = "UTRFramework-Info.plist";
				INSTALL_PATH = "$(HOME)/Library/Frameworks";
				OTHER_LDFLAGS = (
					"-framework",
					Foundation,
					"-framework",
					AppKit,
					"-framework",
					SenTestingKit,
				);
				PREBINDING = NO;
				PRODUCT_NAME = UnitTestRunner;
				SDKROOT = macosx10.6;
				ZERO_LINK = NO;
			};
			name = Release;
		};
		D2FC1C9E100B93D200D4B59A /* AdHoc */ = {
			isa = XCBuildConfiguration;
			buildSettings = {
				ALWAYS_SEARCH_USER_PATHS = NO;
				ARCHS = "$(ARCHS_STANDARD_64_BIT)";
				DYLIB_COMPATIBILITY_VERSION = 1;
				DYLIB_CURRENT_VERSION = 1;
				FRAMEWORK_SEARCH_PATHS = "$(DEVELOPER_DIR)/Library/Frameworks";
				FRAMEWORK_VERSION = A;
				GCC_ENABLE_FIX_AND_CONTINUE = YES;
				GCC_MODEL_TUNING = G5;
				GCC_PRECOMPILE_PREFIX_HEADER = YES;
				GCC_PREFIX_HEADER = UnitTestRunner.pch;
				HEADER_SEARCH_PATHS = /usr/include/libxml2;
				INFOPLIST_FILE = "UTRFramework-Info.plist";
				INSTALL_PATH = "$(HOME)/Library/Frameworks";
				OTHER_LDFLAGS = (
					"-framework",
					Foundation,
					"-framework",
					AppKit,
					"-framework",
					SenTestingKit,
				);
				PREBINDING = NO;
				PRODUCT_NAME = UnitTestRunner;
				SDKROOT = macosx10.6;
			};
			name = AdHoc;
		};
/* End XCBuildConfiguration section */

/* Begin XCConfigurationList section */
		95F293440EB78218004959A4 /* Build configuration list for PBXProject "UnitTestRunner_Desktop" */ = {
			isa = XCConfigurationList;
			buildConfigurations = (
				95F293420EB78218004959A4 /* Debug */,
				D292D4120FFC1B9C006CC56C /* UnitTest */,
				95F293430EB78218004959A4 /* Release */,
				86E348380ECC93FF00FBF303 /* AdHoc */,
			);
			defaultConfigurationIsVisible = 0;
			defaultConfigurationName = Debug;
		};
		D2FC1CA0100B93D200D4B59A /* Build configuration list for PBXNativeTarget "UnitTestRunner" */ = {
			isa = XCConfigurationList;
			buildConfigurations = (
				D2FC1C9B100B93D200D4B59A /* Debug */,
				D2FC1C9C100B93D200D4B59A /* UnitTest */,
				D2FC1C9D100B93D200D4B59A /* Release */,
				D2FC1C9E100B93D200D4B59A /* AdHoc */,
			);
			defaultConfigurationIsVisible = 0;
			defaultConfigurationName = Debug;
		};
/* End XCConfigurationList section */
	};
	rootObject = 95F293410EB78218004959A4 /* Project object */;
}
